{
  "name": "cloudflare",
  "lockfileVersion": 3,
  "requires": true,
  "packages": {
    "": {
      "devDependencies": {
        "@cloudflare/workers-types": "^4.20250504.0"
      }
    },
    "node_modules/@cloudflare/workers-types": {
      "version": "4.20250504.0",
      "resolved": "https://registry.npmjs.org/@cloudflare/workers-types/-/workers-types-4.20250504.0.tgz",
      "integrity": "sha512-/70Kb5vrqj+O0krOuS8LVLiCeDuCGzQy4X+wGGs4/rHv0gZJulv7Uj5YlUjIaRemK/Dyrzlk7WNJwTy8yv0cIw==",
      "dev": true,
      "license": "MIT OR Apache-2.0"
    }
  }
}
